
Microsoft Visual Studio Solution File, Format Version 12.00
# Visual Studio Version 17
VisualStudioVersion = 17.8.34330.188
MinimumVisualStudioVersion = 10.0.40219.1
Project("{FAE04EC0-301F-11D3-BF4B-00C04F79EFBC}") = "Apishka", "Apishka\Apishka.csproj", "{3419E3B3-B2D1-4706-9AF6-2E1DD5008BFE}"
EndProject
Global
	GlobalSection(SolutionConfigurationPlatforms) = preSolution
		Debug|Any CPU = Debug|Any CPU
		Release|Any CPU = Release|Any CPU
	EndGlobalSection
	GlobalSection(ProjectConfigurationPlatforms) = postSolution
		{3419E3B3-B2D1-4706-9AF6-2E1DD5008BFE}.Debug|Any CPU.ActiveCfg = Debug|Any CPU
		{3419E3B3-B2D1-4706-9AF6-2E1DD5008BFE}.Debug|Any CPU.Build.0 = Debug|Any CPU
		{3419E3B3-B2D1-4706-9AF6-2E1DD5008BFE}.Release|Any CPU.ActiveCfg = Release|Any CPU
		{3419E3B3-B2D1-4706-9AF6-2E1DD5008BFE}.Release|Any CPU.Build.0 = Release|Any CPU
	EndGlobalSection
	GlobalSection(SolutionProperties) = preSolution
		HideSolutionNode = FALSE
	EndGlobalSection
	GlobalSection(ExtensibilityGlobals) = postSolution
		SolutionGuid = {FBD1EA4B-4F93-4253-B1CF-96FFCBA357D5}
	EndGlobalSection
EndGlobal
